
Microsoft Visual Studio Solution File, Format Version 12.00
# Visual Studio Version 16
VisualStudioVersion = 16.0.29324.140
MinimumVisualStudioVersion = 10.0.40219.1
Project("{FAE04EC0-301F-11D3-BF4B-00C04F79EFBC}") = "MVCMoviee", "MVCMoviee\MVCMoviee.csproj", "{3AE608C2-75D2-4D05-A79C-F55CD9B35499}"
EndProject
Global
	GlobalSection(SolutionConfigurationPlatforms) = preSolution
		Debug|Any CPU = Debug|Any CPU
		Release|Any CPU = Release|Any CPU
	EndGlobalSection
	GlobalSection(ProjectConfigurationPlatforms) = postSolution
		{3AE608C2-75D2-4D05-A79C-F55CD9B35499}.Debug|Any CPU.ActiveCfg = Debug|Any CPU
		{3AE608C2-75D2-4D05-A79C-F55CD9B35499}.Debug|Any CPU.Build.0 = Debug|Any CPU
		{3AE608C2-75D2-4D05-A79C-F55CD9B35499}.Release|Any CPU.ActiveCfg = Release|Any CPU
		{3AE608C2-75D2-4D05-A79C-F55CD9B35499}.Release|Any CPU.Build.0 = Release|Any CPU
	EndGlobalSection
	GlobalSection(SolutionProperties) = preSolution
		HideSolutionNode = FALSE
	EndGlobalSection
	GlobalSection(ExtensibilityGlobals) = postSolution
		SolutionGuid = {992C4DAD-EEF1-4970-85D5-5F76CEBAA34F}
	EndGlobalSection
EndGlobal
